
Microsoft Visual Studio Solution File, Format Version 12.00
# Visual Studio 14
VisualStudioVersion = 14.0.25420.1
MinimumVisualStudioVersion = 10.0.40219.1
Project("{D954291E-2A0B-460D-934E-DC6B0785DB48}") = "App.Shared", "App.Shared\App.Shared\App.Shared.shproj", "{32E2B70F-7966-4F51-8D0F-500EB7D9A7D3}"
EndProject
Project("{FAE04EC0-301F-11D3-BF4B-00C04F79EFBC}") = "App.Shared.Droid", "App.Shared\App.Shared.Droid\App.Shared.Droid.csproj", "{45833284-3791-4B06-AF9F-013538D50E16}"
EndProject
Project("{FAE04EC0-301F-11D3-BF4B-00C04F79EFBC}") = "App.Shared.iOS", "App.Shared\App.Shared.iOS\App.Shared.iOS.csproj", "{6768F00F-81A6-45A8-A907-ABE8AE0C1B03}"
EndProject
Project("{FAE04EC0-301F-11D3-BF4B-00C04F79EFBC}") = "App.Shared.UWP", "App.Shared\App.Shared.UWP\App.Shared.UWP.csproj", "{BBA875B3-14DE-4545-A4DB-34D175820B72}"
EndProject
Global
	GlobalSection(SharedMSBuildProjectFiles) = preSolution
		App.Shared\App.Shared\App.Shared.projitems*{32e2b70f-7966-4f51-8d0f-500eb7d9a7d3}*SharedItemsImports = 13
		App.Shared\App.Shared\App.Shared.projitems*{45833284-3791-4b06-af9f-013538d50e16}*SharedItemsImports = 4
		App.Shared\App.Shared\App.Shared.projitems*{6768f00f-81a6-45a8-a907-abe8ae0c1b03}*SharedItemsImports = 4
		App.Shared\App.Shared\App.Shared.projitems*{bba875b3-14de-4545-a4db-34d175820b72}*SharedItemsImports = 4
	EndGlobalSection
	GlobalSection(SolutionConfigurationPlatforms) = preSolution
		Ad-Hoc|Any CPU = Ad-Hoc|Any CPU
		Ad-Hoc|ARM = Ad-Hoc|ARM
		Ad-Hoc|iPhone = Ad-Hoc|iPhone
		Ad-Hoc|iPhoneSimulator = Ad-Hoc|iPhoneSimulator
		Ad-Hoc|x64 = Ad-Hoc|x64
		Ad-Hoc|x86 = Ad-Hoc|x86
		AppStore|Any CPU = AppStore|Any CPU
		AppStore|ARM = AppStore|ARM
		AppStore|iPhone = AppStore|iPhone
		AppStore|iPhoneSimulator = AppStore|iPhoneSimulator
		AppStore|x64 = AppStore|x64
		AppStore|x86 = AppStore|x86
		Debug|Any CPU = Debug|Any CPU
		Debug|ARM = Debug|ARM
		Debug|iPhone = Debug|iPhone
		Debug|iPhoneSimulator = Debug|iPhoneSimulator
		Debug|x64 = Debug|x64
		Debug|x86 = Debug|x86
		Release|Any CPU = Release|Any CPU
		Release|ARM = Release|ARM
		Release|iPhone = Release|iPhone
		Release|iPhoneSimulator = Release|iPhoneSimulator
		Release|x64 = Release|x64
		Release|x86 = Release|x86
	EndGlobalSection
	GlobalSection(ProjectConfigurationPlatforms) = postSolution
		{45833284-3791-4B06-AF9F-013538D50E16}.Ad-Hoc|Any CPU.ActiveCfg = Release|Any CPU
		{45833284-3791-4B06-AF9F-013538D50E16}.Ad-Hoc|Any CPU.Build.0 = Release|Any CPU
		{45833284-3791-4B06-AF9F-013538D50E16}.Ad-Hoc|Any CPU.Deploy.0 = Release|Any CPU
		{45833284-3791-4B06-AF9F-013538D50E16}.Ad-Hoc|ARM.ActiveCfg = Release|Any CPU
		{45833284-3791-4B06-AF9F-013538D50E16}.Ad-Hoc|ARM.Build.0 = Release|Any CPU
		{45833284-3791-4B06-AF9F-013538D50E16}.Ad-Hoc|ARM.Deploy.0 = Release|Any CPU
		{45833284-3791-4B06-AF9F-013538D50E16}.Ad-Hoc|iPhone.ActiveCfg = Release|Any CPU
		{45833284-3791-4B06-AF9F-013538D50E16}.Ad-Hoc|iPhone.Build.0 = Release|Any CPU
		{45833284-3791-4B06-AF9F-013538D50E16}.Ad-Hoc|iPhone.Deploy.0 = Release|Any CPU
		{45833284-3791-4B06-AF9F-013538D50E16}.Ad-Hoc|iPhoneSimulator.ActiveCfg = Release|Any CPU
		{45833284-3791-4B06-AF9F-013538D50E16}.Ad-Hoc|iPhoneSimulator.Build.0 = Release|Any CPU
		{45833284-3791-4B06-AF9F-013538D50E16}.Ad-Hoc|iPhoneSimulator.Deploy.0 = Release|Any CPU
		{45833284-3791-4B06-AF9F-013538D50E16}.Ad-Hoc|x64.ActiveCfg = Release|Any CPU
		{45833284-3791-4B06-AF9F-013538D50E16}.Ad-Hoc|x64.Build.0 = Release|Any CPU
		{45833284-3791-4B06-AF9F-013538D50E16}.Ad-Hoc|x64.Deploy.0 = Release|Any CPU
		{45833284-3791-4B06-AF9F-013538D50E16}.Ad-Hoc|x86.ActiveCfg = Release|Any CPU
		{45833284-3791-4B06-AF9F-013538D50E16}.Ad-Hoc|x86.Build.0 = Release|Any CPU
		{45833284-3791-4B06-AF9F-013538D50E16}.Ad-Hoc|x86.Deploy.0 = Release|Any CPU
		{45833284-3791-4B06-AF9F-013538D50E16}.AppStore|Any CPU.ActiveCfg = Release|Any CPU
		{45833284-3791-4B06-AF9F-013538D50E16}.AppStore|Any CPU.Build.0 = Release|Any CPU
		{45833284-3791-4B06-AF9F-013538D50E16}.AppStore|Any CPU.Deploy.0 = Release|Any CPU
		{45833284-3791-4B06-AF9F-013538D50E16}.AppStore|ARM.ActiveCfg = Release|Any CPU
		{45833284-3791-4B06-AF9F-013538D50E16}.AppStore|ARM.Build.0 = Release|Any CPU
		{45833284-3791-4B06-AF9F-013538D50E16}.AppStore|ARM.Deploy.0 = Release|Any CPU
		{45833284-3791-4B06-AF9F-013538D50E16}.AppStore|iPhone.ActiveCfg = Release|Any CPU
		{45833284-3791-4B06-AF9F-013538D50E16}.AppStore|iPhone.Build.0 = Release|Any CPU
		{45833284-3791-4B06-AF9F-013538D50E16}.AppStore|iPhone.Deploy.0 = Release|Any CPU
		{45833284-3791-4B06-AF9F-013538D50E16}.AppStore|iPhoneSimulator.ActiveCfg = Release|Any CPU
		{45833284-3791-4B06-AF9F-013538D50E16}.AppStore|iPhoneSimulator.Build.0 = Release|Any CPU
		{45833284-3791-4B06-AF9F-013538D50E16}.AppStore|iPhoneSimulator.Deploy.0 = Release|Any CPU
		{45833284-3791-4B06-AF9F-013538D50E16}.AppStore|x64.ActiveCfg = Release|Any CPU
		{45833284-3791-4B06-AF9F-013538D50E16}.AppStore|x64.Build.0 = Release|Any CPU
		{45833284-3791-4B06-AF9F-013538D50E16}.AppStore|x64.Deploy.0 = Release|Any CPU
		{45833284-3791-4B06-AF9F-013538D50E16}.AppStore|x86.ActiveCfg = Release|Any CPU
		{45833284-3791-4B06-AF9F-013538D50E16}.AppStore|x86.Build.0 = Release|Any CPU
		{45833284-3791-4B06-AF9F-013538D50E16}.AppStore|x86.Deploy.0 = Release|Any CPU
		{45833284-3791-4B06-AF9F-013538D50E16}.Debug|Any CPU.ActiveCfg = Debug|Any CPU
		{45833284-3791-4B06-AF9F-013538D50E16}.Debug|Any CPU.Build.0 = Debug|Any CPU
		{45833284-3791-4B06-AF9F-013538D50E16}.Debug|Any CPU.Deploy.0 = Debug|Any CPU
		{45833284-3791-4B06-AF9F-013538D50E16}.Debug|ARM.ActiveCfg = Debug|Any CPU
		{45833284-3791-4B06-AF9F-013538D50E16}.Debug|ARM.Build.0 = Debug|Any CPU
		{45833284-3791-4B06-AF9F-013538D50E16}.Debug|ARM.Deploy.0 = Debug|Any CPU
		{45833284-3791-4B06-AF9F-013538D50E16}.Debug|iPhone.ActiveCfg = Debug|Any CPU
		{45833284-3791-4B06-AF9F-013538D50E16}.Debug|iPhone.Build.0 = Debug|Any CPU
		{45833284-3791-4B06-AF9F-013538D50E16}.Debug|iPhone.Deploy.0 = Debug|Any CPU
		{45833284-3791-4B06-AF9F-013538D50E16}.Debug|iPhoneSimulator.ActiveCfg = Debug|Any CPU
		{45833284-3791-4B06-AF9F-013538D50E16}.Debug|iPhoneSimulator.Build.0 = Debug|Any CPU
		{45833284-3791-4B06-AF9F-013538D50E16}.Debug|iPhoneSimulator.Deploy.0 = Debug|Any CPU
		{45833284-3791-4B06-AF9F-013538D50E16}.Debug|x64.ActiveCfg = Debug|Any CPU
		{45833284-3791-4B06-AF9F-013538D50E16}.Debug|x64.Build.0 = Debug|Any CPU
		{45833284-3791-4B06-AF9F-013538D50E16}.Debug|x64.Deploy.0 = Debug|Any CPU
		{45833284-3791-4B06-AF9F-013538D50E16}.Debug|x86.ActiveCfg = Debug|Any CPU
		{45833284-3791-4B06-AF9F-013538D50E16}.Debug|x86.Build.0 = Debug|Any CPU
		{45833284-3791-4B06-AF9F-013538D50E16}.Debug|x86.Deploy.0 = Debug|Any CPU
		{45833284-3791-4B06-AF9F-013538D50E16}.Release|Any CPU.ActiveCfg = Release|Any CPU
		{45833284-3791-4B06-AF9F-013538D50E16}.Release|Any CPU.Build.0 = Release|Any CPU
		{45833284-3791-4B06-AF9F-013538D50E16}.Release|Any CPU.Deploy.0 = Release|Any CPU
		{45833284-3791-4B06-AF9F-013538D50E16}.Release|ARM.ActiveCfg = Release|Any CPU
		{45833284-3791-4B06-AF9F-013538D50E16}.Release|ARM.Build.0 = Release|Any CPU
		{45833284-3791-4B06-AF9F-013538D50E16}.Release|ARM.Deploy.0 = Release|Any CPU
		{45833284-3791-4B06-AF9F-013538D50E16}.Release|iPhone.ActiveCfg = Release|Any CPU
		{45833284-3791-4B06-AF9F-013538D50E16}.Release|iPhone.Build.0 = Release|Any CPU
		{45833284-3791-4B06-AF9F-013538D50E16}.Release|iPhone.Deploy.0 = Release|Any CPU
		{45833284-3791-4B06-AF9F-013538D50E16}.Release|iPhoneSimulator.ActiveCfg = Release|Any CPU
		{45833284-3791-4B06-AF9F-013538D50E16}.Release|iPhoneSimulator.Build.0 = Release|Any CPU
		{45833284-3791-4B06-AF9F-013538D50E16}.Release|iPhoneSimulator.Deploy.0 = Release|Any CPU
		{45833284-3791-4B06-AF9F-013538D50E16}.Release|x64.ActiveCfg = Release|Any CPU
		{45833284-3791-4B06-AF9F-013538D50E16}.Release|x64.Build.0 = Release|Any CPU
		{45833284-3791-4B06-AF9F-013538D50E16}.Release|x64.Deploy.0 = Release|Any CPU
		{45833284-3791-4B06-AF9F-013538D50E16}.Release|x86.ActiveCfg = Release|Any CPU
		{45833284-3791-4B06-AF9F-013538D50E16}.Release|x86.Build.0 = Release|Any CPU
		{45833284-3791-4B06-AF9F-013538D50E16}.Release|x86.Deploy.0 = Release|Any CPU
		{6768F00F-81A6-45A8-A907-ABE8AE0C1B03}.Ad-Hoc|Any CPU.ActiveCfg = Ad-Hoc|iPhone
		{6768F00F-81A6-45A8-A907-ABE8AE0C1B03}.Ad-Hoc|ARM.ActiveCfg = Ad-Hoc|iPhone
		{6768F00F-81A6-45A8-A907-ABE8AE0C1B03}.Ad-Hoc|iPhone.ActiveCfg = Ad-Hoc|iPhone
		{6768F00F-81A6-45A8-A907-ABE8AE0C1B03}.Ad-Hoc|iPhone.Build.0 = Ad-Hoc|iPhone
		{6768F00F-81A6-45A8-A907-ABE8AE0C1B03}.Ad-Hoc|iPhoneSimulator.ActiveCfg = Ad-Hoc|iPhoneSimulator
		{6768F00F-81A6-45A8-A907-ABE8AE0C1B03}.Ad-Hoc|iPhoneSimulator.Build.0 = Ad-Hoc|iPhoneSimulator
		{6768F00F-81A6-45A8-A907-ABE8AE0C1B03}.Ad-Hoc|x64.ActiveCfg = Ad-Hoc|iPhone
		{6768F00F-81A6-45A8-A907-ABE8AE0C1B03}.Ad-Hoc|x86.ActiveCfg = Ad-Hoc|iPhone
		{6768F00F-81A6-45A8-A907-ABE8AE0C1B03}.AppStore|Any CPU.ActiveCfg = AppStore|iPhone
		{6768F00F-81A6-45A8-A907-ABE8AE0C1B03}.AppStore|ARM.ActiveCfg = AppStore|iPhone
		{6768F00F-81A6-45A8-A907-ABE8AE0C1B03}.AppStore|iPhone.ActiveCfg = AppStore|iPhone
		{6768F00F-81A6-45A8-A907-ABE8AE0C1B03}.AppStore|iPhone.Build.0 = AppStore|iPhone
		{6768F00F-81A6-45A8-A907-ABE8AE0C1B03}.AppStore|iPhoneSimulator.ActiveCfg = AppStore|iPhoneSimulator
		{6768F00F-81A6-45A8-A907-ABE8AE0C1B03}.AppStore|iPhoneSimulator.Build.0 = AppStore|iPhoneSimulator
		{6768F00F-81A6-45A8-A907-ABE8AE0C1B03}.AppStore|x64.ActiveCfg = AppStore|iPhone
		{6768F00F-81A6-45A8-A907-ABE8AE0C1B03}.AppStore|x86.ActiveCfg = AppStore|iPhone
		{6768F00F-81A6-45A8-A907-ABE8AE0C1B03}.Debug|Any CPU.ActiveCfg = Debug|iPhone
		{6768F00F-81A6-45A8-A907-ABE8AE0C1B03}.Debug|ARM.ActiveCfg = Debug|iPhone
		{6768F00F-81A6-45A8-A907-ABE8AE0C1B03}.Debug|iPhone.ActiveCfg = Debug|iPhone
		{6768F00F-81A6-45A8-A907-ABE8AE0C1B03}.Debug|iPhone.Build.0 = Debug|iPhone
		{6768F00F-81A6-45A8-A907-ABE8AE0C1B03}.Debug|iPhoneSimulator.ActiveCfg = Debug|iPhoneSimulator
		{6768F00F-81A6-45A8-A907-ABE8AE0C1B03}.Debug|iPhoneSimulator.Build.0 = Debug|iPhoneSimulator
		{6768F00F-81A6-45A8-A907-ABE8AE0C1B03}.Debug|x64.ActiveCfg = Debug|iPhone
		{6768F00F-81A6-45A8-A907-ABE8AE0C1B03}.Debug|x86.ActiveCfg = Debug|iPhone
		{6768F00F-81A6-45A8-A907-ABE8AE0C1B03}.Release|Any CPU.ActiveCfg = Release|iPhone
		{6768F00F-81A6-45A8-A907-ABE8AE0C1B03}.Release|ARM.ActiveCfg = Release|iPhone
		{6768F00F-81A6-45A8-A907-ABE8AE0C1B03}.Release|iPhone.ActiveCfg = Release|iPhone
		{6768F00F-81A6-45A8-A907-ABE8AE0C1B03}.Release|iPhone.Build.0 = Release|iPhone
		{6768F00F-81A6-45A8-A907-ABE8AE0C1B03}.Release|iPhoneSimulator.ActiveCfg = Release|iPhoneSimulator
		{6768F00F-81A6-45A8-A907-ABE8AE0C1B03}.Release|iPhoneSimulator.Build.0 = Release|iPhoneSimulator
		{6768F00F-81A6-45A8-A907-ABE8AE0C1B03}.Release|x64.ActiveCfg = Release|iPhone
		{6768F00F-81A6-45A8-A907-ABE8AE0C1B03}.Release|x86.ActiveCfg = Release|iPhone
		{BBA875B3-14DE-4545-A4DB-34D175820B72}.Ad-Hoc|Any CPU.ActiveCfg = Release|x86
		{BBA875B3-14DE-4545-A4DB-34D175820B72}.Ad-Hoc|Any CPU.Build.0 = Release|x86
		{BBA875B3-14DE-4545-A4DB-34D175820B72}.Ad-Hoc|Any CPU.Deploy.0 = Release|x86
		{BBA875B3-14DE-4545-A4DB-34D175820B72}.Ad-Hoc|ARM.ActiveCfg = Release|ARM
		{BBA875B3-14DE-4545-A4DB-34D175820B72}.Ad-Hoc|ARM.Build.0 = Release|ARM
		{BBA875B3-14DE-4545-A4DB-34D175820B72}.Ad-Hoc|ARM.Deploy.0 = Release|ARM
		{BBA875B3-14DE-4545-A4DB-34D175820B72}.Ad-Hoc|iPhone.ActiveCfg = Release|x86
		{BBA875B3-14DE-4545-A4DB-34D175820B72}.Ad-Hoc|iPhone.Build.0 = Release|x86
		{BBA875B3-14DE-4545-A4DB-34D175820B72}.Ad-Hoc|iPhone.Deploy.0 = Release|x86
		{BBA875B3-14DE-4545-A4DB-34D175820B72}.Ad-Hoc|iPhoneSimulator.ActiveCfg = Release|x86
		{BBA875B3-14DE-4545-A4DB-34D175820B72}.Ad-Hoc|iPhoneSimulator.Build.0 = Release|x86
		{BBA875B3-14DE-4545-A4DB-34D175820B72}.Ad-Hoc|iPhoneSimulator.Deploy.0 = Release|x86
		{BBA875B3-14DE-4545-A4DB-34D175820B72}.Ad-Hoc|x64.ActiveCfg = Release|x64
		{BBA875B3-14DE-4545-A4DB-34D175820B72}.Ad-Hoc|x64.Build.0 = Release|x64
		{BBA875B3-14DE-4545-A4DB-34D175820B72}.Ad-Hoc|x64.Deploy.0 = Release|x64
		{BBA875B3-14DE-4545-A4DB-34D175820B72}.Ad-Hoc|x86.ActiveCfg = Release|x86
		{BBA875B3-14DE-4545-A4DB-34D175820B72}.Ad-Hoc|x86.Build.0 = Release|x86
		{BBA875B3-14DE-4545-A4DB-34D175820B72}.Ad-Hoc|x86.Deploy.0 = Release|x86
		{BBA875B3-14DE-4545-A4DB-34D175820B72}.AppStore|Any CPU.ActiveCfg = Release|x86
		{BBA875B3-14DE-4545-A4DB-34D175820B72}.AppStore|Any CPU.Build.0 = Release|x86
		{BBA875B3-14DE-4545-A4DB-34D175820B72}.AppStore|Any CPU.Deploy.0 = Release|x86
		{BBA875B3-14DE-4545-A4DB-34D175820B72}.AppStore|ARM.ActiveCfg = Release|ARM
		{BBA875B3-14DE-4545-A4DB-34D175820B72}.AppStore|ARM.Build.0 = Release|ARM
		{BBA875B3-14DE-4545-A4DB-34D175820B72}.AppStore|ARM.Deploy.0 = Release|ARM
		{BBA875B3-14DE-4545-A4DB-34D175820B72}.AppStore|iPhone.ActiveCfg = Release|x86
		{BBA875B3-14DE-4545-A4DB-34D175820B72}.AppStore|iPhone.Build.0 = Release|x86
		{BBA875B3-14DE-4545-A4DB-34D175820B72}.AppStore|iPhone.Deploy.0 = Release|x86
		{BBA875B3-14DE-4545-A4DB-34D175820B72}.AppStore|iPhoneSimulator.ActiveCfg = Release|x86
		{BBA875B3-14DE-4545-A4DB-34D175820B72}.AppStore|iPhoneSimulator.Build.0 = Release|x86
		{BBA875B3-14DE-4545-A4DB-34D175820B72}.AppStore|iPhoneSimulator.Deploy.0 = Release|x86
		{BBA875B3-14DE-4545-A4DB-34D175820B72}.AppStore|x64.ActiveCfg = Release|x64
		{BBA875B3-14DE-4545-A4DB-34D175820B72}.AppStore|x64.Build.0 = Release|x64
		{BBA875B3-14DE-4545-A4DB-34D175820B72}.AppStore|x64.Deploy.0 = Release|x64
		{BBA875B3-14DE-4545-A4DB-34D175820B72}.AppStore|x86.ActiveCfg = Release|x86
		{BBA875B3-14DE-4545-A4DB-34D175820B72}.AppStore|x86.Build.0 = Release|x86
		{BBA875B3-14DE-4545-A4DB-34D175820B72}.AppStore|x86.Deploy.0 = Release|x86
		{BBA875B3-14DE-4545-A4DB-34D175820B72}.Debug|Any CPU.ActiveCfg = Debug|x86
		{BBA875B3-14DE-4545-A4DB-34D175820B72}.Debug|ARM.ActiveCfg = Debug|ARM
		{BBA875B3-14DE-4545-A4DB-34D175820B72}.Debug|ARM.Build.0 = Debug|ARM
		{BBA875B3-14DE-4545-A4DB-34D175820B72}.Debug|ARM.Deploy.0 = Debug|ARM
		{BBA875B3-14DE-4545-A4DB-34D175820B72}.Debug|iPhone.ActiveCfg = Debug|x86
		{BBA875B3-14DE-4545-A4DB-34D175820B72}.Debug|iPhoneSimulator.ActiveCfg = Debug|x86
		{BBA875B3-14DE-4545-A4DB-34D175820B72}.Debug|x64.ActiveCfg = Debug|x64
		{BBA875B3-14DE-4545-A4DB-34D175820B72}.Debug|x64.Build.0 = Debug|x64
		{BBA875B3-14DE-4545-A4DB-34D175820B72}.Debug|x64.Deploy.0 = Debug|x64
		{BBA875B3-14DE-4545-A4DB-34D175820B72}.Debug|x86.ActiveCfg = Debug|x86
		{BBA875B3-14DE-4545-A4DB-34D175820B72}.Debug|x86.Build.0 = Debug|x86
		{BBA875B3-14DE-4545-A4DB-34D175820B72}.Debug|x86.Deploy.0 = Debug|x86
		{BBA875B3-14DE-4545-A4DB-34D175820B72}.Release|Any CPU.ActiveCfg = Release|x86
		{BBA875B3-14DE-4545-A4DB-34D175820B72}.Release|ARM.ActiveCfg = Release|ARM
		{BBA875B3-14DE-4545-A4DB-34D175820B72}.Release|ARM.Build.0 = Release|ARM
		{BBA875B3-14DE-4545-A4DB-34D175820B72}.Release|ARM.Deploy.0 = Release|ARM
		{BBA875B3-14DE-4545-A4DB-34D175820B72}.Release|iPhone.ActiveCfg = Release|x86
		{BBA875B3-14DE-4545-A4DB-34D175820B72}.Release|iPhoneSimulator.ActiveCfg = Release|x86
		{BBA875B3-14DE-4545-A4DB-34D175820B72}.Release|x64.ActiveCfg = Release|x64
		{BBA875B3-14DE-4545-A4DB-34D175820B72}.Release|x64.Build.0 = Release|x64
		{BBA875B3-14DE-4545-A4DB-34D175820B72}.Release|x64.Deploy.0 = Release|x64
		{BBA875B3-14DE-4545-A4DB-34D175820B72}.Release|x86.ActiveCfg = Release|x86
		{BBA875B3-14DE-4545-A4DB-34D175820B72}.Release|x86.Build.0 = Release|x86
		{BBA875B3-14DE-4545-A4DB-34D175820B72}.Release|x86.Deploy.0 = Release|x86
	EndGlobalSection
	GlobalSection(SolutionProperties) = preSolution
		HideSolutionNode = FALSE
	EndGlobalSection
EndGlobal
