
Microsoft Visual Studio Solution File, Format Version 12.00
# Visual Studio 14
VisualStudioVersion = 14.0.25420.1
MinimumVisualStudioVersion = 10.0.40219.1
Project("{FAE04EC0-301F-11D3-BF4B-00C04F79EFBC}") = "HelloXamarinForms", "HelloXamarinForms\HelloXamarinForms\HelloXamarinForms.csproj", "{6D481F84-B001-428A-9BE3-9D741AE82365}"
EndProject
Project("{FAE04EC0-301F-11D3-BF4B-00C04F79EFBC}") = "HelloXamarinForms.Droid", "HelloXamarinForms\HelloXamarinForms.Droid\HelloXamarinForms.Droid.csproj", "{0F6B4F8E-3896-4A5C-BE45-028341119145}"
EndProject
Project("{FAE04EC0-301F-11D3-BF4B-00C04F79EFBC}") = "HelloXamarinForms.iOS", "HelloXamarinForms\HelloXamarinForms.iOS\HelloXamarinForms.iOS.csproj", "{E0980B46-F279-4D8A-A053-1D34109CA5A8}"
EndProject
Project("{FAE04EC0-301F-11D3-BF4B-00C04F79EFBC}") = "HelloXamarinForms.WinPhone", "HelloXamarinForms\HelloXamarinForms.WinPhone\HelloXamarinForms.WinPhone.csproj", "{519C07E3-25B3-4345-BE02-CDD7D002091E}"
EndProject
Project("{FAE04EC0-301F-11D3-BF4B-00C04F79EFBC}") = "HelloXamarinForms.UWP", "HelloXamarinForms\HelloXamarinForms.UWP\HelloXamarinForms.UWP.csproj", "{FD9F4C54-BF20-4665-9F11-96E1B55982D0}"
EndProject
Project("{FAE04EC0-301F-11D3-BF4B-00C04F79EFBC}") = "HelloXamarinForms.Windows", "HelloXamarinForms\HelloXamarinForms.Windows\HelloXamarinForms.Windows.csproj", "{319F9B14-F250-4E9F-B13C-9AD51B036AF7}"
EndProject
Global
	GlobalSection(SolutionConfigurationPlatforms) = preSolution
		Ad-Hoc|Any CPU = Ad-Hoc|Any CPU
		Ad-Hoc|ARM = Ad-Hoc|ARM
		Ad-Hoc|iPhone = Ad-Hoc|iPhone
		Ad-Hoc|iPhoneSimulator = Ad-Hoc|iPhoneSimulator
		Ad-Hoc|x64 = Ad-Hoc|x64
		Ad-Hoc|x86 = Ad-Hoc|x86
		AppStore|Any CPU = AppStore|Any CPU
		AppStore|ARM = AppStore|ARM
		AppStore|iPhone = AppStore|iPhone
		AppStore|iPhoneSimulator = AppStore|iPhoneSimulator
		AppStore|x64 = AppStore|x64
		AppStore|x86 = AppStore|x86
		Debug|Any CPU = Debug|Any CPU
		Debug|ARM = Debug|ARM
		Debug|iPhone = Debug|iPhone
		Debug|iPhoneSimulator = Debug|iPhoneSimulator
		Debug|x64 = Debug|x64
		Debug|x86 = Debug|x86
		Release|Any CPU = Release|Any CPU
		Release|ARM = Release|ARM
		Release|iPhone = Release|iPhone
		Release|iPhoneSimulator = Release|iPhoneSimulator
		Release|x64 = Release|x64
		Release|x86 = Release|x86
	EndGlobalSection
	GlobalSection(ProjectConfigurationPlatforms) = postSolution
		{6D481F84-B001-428A-9BE3-9D741AE82365}.Ad-Hoc|Any CPU.ActiveCfg = Release|Any CPU
		{6D481F84-B001-428A-9BE3-9D741AE82365}.Ad-Hoc|Any CPU.Build.0 = Release|Any CPU
		{6D481F84-B001-428A-9BE3-9D741AE82365}.Ad-Hoc|ARM.ActiveCfg = Release|Any CPU
		{6D481F84-B001-428A-9BE3-9D741AE82365}.Ad-Hoc|ARM.Build.0 = Release|Any CPU
		{6D481F84-B001-428A-9BE3-9D741AE82365}.Ad-Hoc|iPhone.ActiveCfg = Release|Any CPU
		{6D481F84-B001-428A-9BE3-9D741AE82365}.Ad-Hoc|iPhone.Build.0 = Release|Any CPU
		{6D481F84-B001-428A-9BE3-9D741AE82365}.Ad-Hoc|iPhoneSimulator.ActiveCfg = Release|Any CPU
		{6D481F84-B001-428A-9BE3-9D741AE82365}.Ad-Hoc|iPhoneSimulator.Build.0 = Release|Any CPU
		{6D481F84-B001-428A-9BE3-9D741AE82365}.Ad-Hoc|x64.ActiveCfg = Release|Any CPU
		{6D481F84-B001-428A-9BE3-9D741AE82365}.Ad-Hoc|x64.Build.0 = Release|Any CPU
		{6D481F84-B001-428A-9BE3-9D741AE82365}.Ad-Hoc|x86.ActiveCfg = Release|Any CPU
		{6D481F84-B001-428A-9BE3-9D741AE82365}.Ad-Hoc|x86.Build.0 = Release|Any CPU
		{6D481F84-B001-428A-9BE3-9D741AE82365}.AppStore|Any CPU.ActiveCfg = Release|Any CPU
		{6D481F84-B001-428A-9BE3-9D741AE82365}.AppStore|Any CPU.Build.0 = Release|Any CPU
		{6D481F84-B001-428A-9BE3-9D741AE82365}.AppStore|ARM.ActiveCfg = Release|Any CPU
		{6D481F84-B001-428A-9BE3-9D741AE82365}.AppStore|ARM.Build.0 = Release|Any CPU
		{6D481F84-B001-428A-9BE3-9D741AE82365}.AppStore|iPhone.ActiveCfg = Release|Any CPU
		{6D481F84-B001-428A-9BE3-9D741AE82365}.AppStore|iPhone.Build.0 = Release|Any CPU
		{6D481F84-B001-428A-9BE3-9D741AE82365}.AppStore|iPhoneSimulator.ActiveCfg = Release|Any CPU
		{6D481F84-B001-428A-9BE3-9D741AE82365}.AppStore|iPhoneSimulator.Build.0 = Release|Any CPU
		{6D481F84-B001-428A-9BE3-9D741AE82365}.AppStore|x64.ActiveCfg = Release|Any CPU
		{6D481F84-B001-428A-9BE3-9D741AE82365}.AppStore|x64.Build.0 = Release|Any CPU
		{6D481F84-B001-428A-9BE3-9D741AE82365}.AppStore|x86.ActiveCfg = Release|Any CPU
		{6D481F84-B001-428A-9BE3-9D741AE82365}.AppStore|x86.Build.0 = Release|Any CPU
		{6D481F84-B001-428A-9BE3-9D741AE82365}.Debug|Any CPU.ActiveCfg = Debug|Any CPU
		{6D481F84-B001-428A-9BE3-9D741AE82365}.Debug|Any CPU.Build.0 = Debug|Any CPU
		{6D481F84-B001-428A-9BE3-9D741AE82365}.Debug|ARM.ActiveCfg = Debug|Any CPU
		{6D481F84-B001-428A-9BE3-9D741AE82365}.Debug|ARM.Build.0 = Debug|Any CPU
		{6D481F84-B001-428A-9BE3-9D741AE82365}.Debug|iPhone.ActiveCfg = Debug|Any CPU
		{6D481F84-B001-428A-9BE3-9D741AE82365}.Debug|iPhone.Build.0 = Debug|Any CPU
		{6D481F84-B001-428A-9BE3-9D741AE82365}.Debug|iPhoneSimulator.ActiveCfg = Debug|Any CPU
		{6D481F84-B001-428A-9BE3-9D741AE82365}.Debug|iPhoneSimulator.Build.0 = Debug|Any CPU
		{6D481F84-B001-428A-9BE3-9D741AE82365}.Debug|x64.ActiveCfg = Debug|Any CPU
		{6D481F84-B001-428A-9BE3-9D741AE82365}.Debug|x64.Build.0 = Debug|Any CPU
		{6D481F84-B001-428A-9BE3-9D741AE82365}.Debug|x86.ActiveCfg = Debug|Any CPU
		{6D481F84-B001-428A-9BE3-9D741AE82365}.Debug|x86.Build.0 = Debug|Any CPU
		{6D481F84-B001-428A-9BE3-9D741AE82365}.Release|Any CPU.ActiveCfg = Release|Any CPU
		{6D481F84-B001-428A-9BE3-9D741AE82365}.Release|Any CPU.Build.0 = Release|Any CPU
		{6D481F84-B001-428A-9BE3-9D741AE82365}.Release|ARM.ActiveCfg = Release|Any CPU
		{6D481F84-B001-428A-9BE3-9D741AE82365}.Release|ARM.Build.0 = Release|Any CPU
		{6D481F84-B001-428A-9BE3-9D741AE82365}.Release|iPhone.ActiveCfg = Release|Any CPU
		{6D481F84-B001-428A-9BE3-9D741AE82365}.Release|iPhone.Build.0 = Release|Any CPU
		{6D481F84-B001-428A-9BE3-9D741AE82365}.Release|iPhoneSimulator.ActiveCfg = Release|Any CPU
		{6D481F84-B001-428A-9BE3-9D741AE82365}.Release|iPhoneSimulator.Build.0 = Release|Any CPU
		{6D481F84-B001-428A-9BE3-9D741AE82365}.Release|x64.ActiveCfg = Release|Any CPU
		{6D481F84-B001-428A-9BE3-9D741AE82365}.Release|x64.Build.0 = Release|Any CPU
		{6D481F84-B001-428A-9BE3-9D741AE82365}.Release|x86.ActiveCfg = Release|Any CPU
		{6D481F84-B001-428A-9BE3-9D741AE82365}.Release|x86.Build.0 = Release|Any CPU
		{0F6B4F8E-3896-4A5C-BE45-028341119145}.Ad-Hoc|Any CPU.ActiveCfg = Release|Any CPU
		{0F6B4F8E-3896-4A5C-BE45-028341119145}.Ad-Hoc|Any CPU.Build.0 = Release|Any CPU
		{0F6B4F8E-3896-4A5C-BE45-028341119145}.Ad-Hoc|Any CPU.Deploy.0 = Release|Any CPU
		{0F6B4F8E-3896-4A5C-BE45-028341119145}.Ad-Hoc|ARM.ActiveCfg = Release|Any CPU
		{0F6B4F8E-3896-4A5C-BE45-028341119145}.Ad-Hoc|ARM.Build.0 = Release|Any CPU
		{0F6B4F8E-3896-4A5C-BE45-028341119145}.Ad-Hoc|ARM.Deploy.0 = Release|Any CPU
		{0F6B4F8E-3896-4A5C-BE45-028341119145}.Ad-Hoc|iPhone.ActiveCfg = Release|Any CPU
		{0F6B4F8E-3896-4A5C-BE45-028341119145}.Ad-Hoc|iPhone.Build.0 = Release|Any CPU
		{0F6B4F8E-3896-4A5C-BE45-028341119145}.Ad-Hoc|iPhone.Deploy.0 = Release|Any CPU
		{0F6B4F8E-3896-4A5C-BE45-028341119145}.Ad-Hoc|iPhoneSimulator.ActiveCfg = Release|Any CPU
		{0F6B4F8E-3896-4A5C-BE45-028341119145}.Ad-Hoc|iPhoneSimulator.Build.0 = Release|Any CPU
		{0F6B4F8E-3896-4A5C-BE45-028341119145}.Ad-Hoc|iPhoneSimulator.Deploy.0 = Release|Any CPU
		{0F6B4F8E-3896-4A5C-BE45-028341119145}.Ad-Hoc|x64.ActiveCfg = Release|Any CPU
		{0F6B4F8E-3896-4A5C-BE45-028341119145}.Ad-Hoc|x64.Build.0 = Release|Any CPU
		{0F6B4F8E-3896-4A5C-BE45-028341119145}.Ad-Hoc|x64.Deploy.0 = Release|Any CPU
		{0F6B4F8E-3896-4A5C-BE45-028341119145}.Ad-Hoc|x86.ActiveCfg = Release|Any CPU
		{0F6B4F8E-3896-4A5C-BE45-028341119145}.Ad-Hoc|x86.Build.0 = Release|Any CPU
		{0F6B4F8E-3896-4A5C-BE45-028341119145}.Ad-Hoc|x86.Deploy.0 = Release|Any CPU
		{0F6B4F8E-3896-4A5C-BE45-028341119145}.AppStore|Any CPU.ActiveCfg = Release|Any CPU
		{0F6B4F8E-3896-4A5C-BE45-028341119145}.AppStore|Any CPU.Build.0 = Release|Any CPU
		{0F6B4F8E-3896-4A5C-BE45-028341119145}.AppStore|Any CPU.Deploy.0 = Release|Any CPU
		{0F6B4F8E-3896-4A5C-BE45-028341119145}.AppStore|ARM.ActiveCfg = Release|Any CPU
		{0F6B4F8E-3896-4A5C-BE45-028341119145}.AppStore|ARM.Build.0 = Release|Any CPU
		{0F6B4F8E-3896-4A5C-BE45-028341119145}.AppStore|ARM.Deploy.0 = Release|Any CPU
		{0F6B4F8E-3896-4A5C-BE45-028341119145}.AppStore|iPhone.ActiveCfg = Release|Any CPU
		{0F6B4F8E-3896-4A5C-BE45-028341119145}.AppStore|iPhone.Build.0 = Release|Any CPU
		{0F6B4F8E-3896-4A5C-BE45-028341119145}.AppStore|iPhone.Deploy.0 = Release|Any CPU
		{0F6B4F8E-3896-4A5C-BE45-028341119145}.AppStore|iPhoneSimulator.ActiveCfg = Release|Any CPU
		{0F6B4F8E-3896-4A5C-BE45-028341119145}.AppStore|iPhoneSimulator.Build.0 = Release|Any CPU
		{0F6B4F8E-3896-4A5C-BE45-028341119145}.AppStore|iPhoneSimulator.Deploy.0 = Release|Any CPU
		{0F6B4F8E-3896-4A5C-BE45-028341119145}.AppStore|x64.ActiveCfg = Release|Any CPU
		{0F6B4F8E-3896-4A5C-BE45-028341119145}.AppStore|x64.Build.0 = Release|Any CPU
		{0F6B4F8E-3896-4A5C-BE45-028341119145}.AppStore|x64.Deploy.0 = Release|Any CPU
		{0F6B4F8E-3896-4A5C-BE45-028341119145}.AppStore|x86.ActiveCfg = Release|Any CPU
		{0F6B4F8E-3896-4A5C-BE45-028341119145}.AppStore|x86.Build.0 = Release|Any CPU
		{0F6B4F8E-3896-4A5C-BE45-028341119145}.AppStore|x86.Deploy.0 = Release|Any CPU
		{0F6B4F8E-3896-4A5C-BE45-028341119145}.Debug|Any CPU.ActiveCfg = Debug|Any CPU
		{0F6B4F8E-3896-4A5C-BE45-028341119145}.Debug|Any CPU.Build.0 = Debug|Any CPU
		{0F6B4F8E-3896-4A5C-BE45-028341119145}.Debug|Any CPU.Deploy.0 = Debug|Any CPU
		{0F6B4F8E-3896-4A5C-BE45-028341119145}.Debug|ARM.ActiveCfg = Debug|Any CPU
		{0F6B4F8E-3896-4A5C-BE45-028341119145}.Debug|ARM.Build.0 = Debug|Any CPU
		{0F6B4F8E-3896-4A5C-BE45-028341119145}.Debug|ARM.Deploy.0 = Debug|Any CPU
		{0F6B4F8E-3896-4A5C-BE45-028341119145}.Debug|iPhone.ActiveCfg = Debug|Any CPU
		{0F6B4F8E-3896-4A5C-BE45-028341119145}.Debug|iPhone.Build.0 = Debug|Any CPU
		{0F6B4F8E-3896-4A5C-BE45-028341119145}.Debug|iPhone.Deploy.0 = Debug|Any CPU
		{0F6B4F8E-3896-4A5C-BE45-028341119145}.Debug|iPhoneSimulator.ActiveCfg = Debug|Any CPU
		{0F6B4F8E-3896-4A5C-BE45-028341119145}.Debug|iPhoneSimulator.Build.0 = Debug|Any CPU
		{0F6B4F8E-3896-4A5C-BE45-028341119145}.Debug|iPhoneSimulator.Deploy.0 = Debug|Any CPU
		{0F6B4F8E-3896-4A5C-BE45-028341119145}.Debug|x64.ActiveCfg = Debug|Any CPU
		{0F6B4F8E-3896-4A5C-BE45-028341119145}.Debug|x64.Build.0 = Debug|Any CPU
		{0F6B4F8E-3896-4A5C-BE45-028341119145}.Debug|x64.Deploy.0 = Debug|Any CPU
		{0F6B4F8E-3896-4A5C-BE45-028341119145}.Debug|x86.ActiveCfg = Debug|Any CPU
		{0F6B4F8E-3896-4A5C-BE45-028341119145}.Debug|x86.Build.0 = Debug|Any CPU
		{0F6B4F8E-3896-4A5C-BE45-028341119145}.Debug|x86.Deploy.0 = Debug|Any CPU
		{0F6B4F8E-3896-4A5C-BE45-028341119145}.Release|Any CPU.ActiveCfg = Release|Any CPU
		{0F6B4F8E-3896-4A5C-BE45-028341119145}.Release|Any CPU.Build.0 = Release|Any CPU
		{0F6B4F8E-3896-4A5C-BE45-028341119145}.Release|Any CPU.Deploy.0 = Release|Any CPU
		{0F6B4F8E-3896-4A5C-BE45-028341119145}.Release|ARM.ActiveCfg = Release|Any CPU
		{0F6B4F8E-3896-4A5C-BE45-028341119145}.Release|ARM.Build.0 = Release|Any CPU
		{0F6B4F8E-3896-4A5C-BE45-028341119145}.Release|ARM.Deploy.0 = Release|Any CPU
		{0F6B4F8E-3896-4A5C-BE45-028341119145}.Release|iPhone.ActiveCfg = Release|Any CPU
		{0F6B4F8E-3896-4A5C-BE45-028341119145}.Release|iPhone.Build.0 = Release|Any CPU
		{0F6B4F8E-3896-4A5C-BE45-028341119145}.Release|iPhone.Deploy.0 = Release|Any CPU
		{0F6B4F8E-3896-4A5C-BE45-028341119145}.Release|iPhoneSimulator.ActiveCfg = Release|Any CPU
		{0F6B4F8E-3896-4A5C-BE45-028341119145}.Release|iPhoneSimulator.Build.0 = Release|Any CPU
		{0F6B4F8E-3896-4A5C-BE45-028341119145}.Release|iPhoneSimulator.Deploy.0 = Release|Any CPU
		{0F6B4F8E-3896-4A5C-BE45-028341119145}.Release|x64.ActiveCfg = Release|Any CPU
		{0F6B4F8E-3896-4A5C-BE45-028341119145}.Release|x64.Build.0 = Release|Any CPU
		{0F6B4F8E-3896-4A5C-BE45-028341119145}.Release|x64.Deploy.0 = Release|Any CPU
		{0F6B4F8E-3896-4A5C-BE45-028341119145}.Release|x86.ActiveCfg = Release|Any CPU
		{0F6B4F8E-3896-4A5C-BE45-028341119145}.Release|x86.Build.0 = Release|Any CPU
		{0F6B4F8E-3896-4A5C-BE45-028341119145}.Release|x86.Deploy.0 = Release|Any CPU
		{E0980B46-F279-4D8A-A053-1D34109CA5A8}.Ad-Hoc|Any CPU.ActiveCfg = Ad-Hoc|iPhone
		{E0980B46-F279-4D8A-A053-1D34109CA5A8}.Ad-Hoc|ARM.ActiveCfg = Ad-Hoc|iPhone
		{E0980B46-F279-4D8A-A053-1D34109CA5A8}.Ad-Hoc|iPhone.ActiveCfg = Ad-Hoc|iPhone
		{E0980B46-F279-4D8A-A053-1D34109CA5A8}.Ad-Hoc|iPhone.Build.0 = Ad-Hoc|iPhone
		{E0980B46-F279-4D8A-A053-1D34109CA5A8}.Ad-Hoc|iPhoneSimulator.ActiveCfg = Ad-Hoc|iPhoneSimulator
		{E0980B46-F279-4D8A-A053-1D34109CA5A8}.Ad-Hoc|iPhoneSimulator.Build.0 = Ad-Hoc|iPhoneSimulator
		{E0980B46-F279-4D8A-A053-1D34109CA5A8}.Ad-Hoc|x64.ActiveCfg = Ad-Hoc|iPhone
		{E0980B46-F279-4D8A-A053-1D34109CA5A8}.Ad-Hoc|x86.ActiveCfg = Ad-Hoc|iPhone
		{E0980B46-F279-4D8A-A053-1D34109CA5A8}.AppStore|Any CPU.ActiveCfg = AppStore|iPhone
		{E0980B46-F279-4D8A-A053-1D34109CA5A8}.AppStore|ARM.ActiveCfg = AppStore|iPhone
		{E0980B46-F279-4D8A-A053-1D34109CA5A8}.AppStore|iPhone.ActiveCfg = AppStore|iPhone
		{E0980B46-F279-4D8A-A053-1D34109CA5A8}.AppStore|iPhone.Build.0 = AppStore|iPhone
		{E0980B46-F279-4D8A-A053-1D34109CA5A8}.AppStore|iPhoneSimulator.ActiveCfg = AppStore|iPhoneSimulator
		{E0980B46-F279-4D8A-A053-1D34109CA5A8}.AppStore|iPhoneSimulator.Build.0 = AppStore|iPhoneSimulator
		{E0980B46-F279-4D8A-A053-1D34109CA5A8}.AppStore|x64.ActiveCfg = AppStore|iPhone
		{E0980B46-F279-4D8A-A053-1D34109CA5A8}.AppStore|x86.ActiveCfg = AppStore|iPhone
		{E0980B46-F279-4D8A-A053-1D34109CA5A8}.Debug|Any CPU.ActiveCfg = Debug|iPhone
		{E0980B46-F279-4D8A-A053-1D34109CA5A8}.Debug|ARM.ActiveCfg = Debug|iPhone
		{E0980B46-F279-4D8A-A053-1D34109CA5A8}.Debug|iPhone.ActiveCfg = Debug|iPhone
		{E0980B46-F279-4D8A-A053-1D34109CA5A8}.Debug|iPhone.Build.0 = Debug|iPhone
		{E0980B46-F279-4D8A-A053-1D34109CA5A8}.Debug|iPhoneSimulator.ActiveCfg = Debug|iPhoneSimulator
		{E0980B46-F279-4D8A-A053-1D34109CA5A8}.Debug|iPhoneSimulator.Build.0 = Debug|iPhoneSimulator
		{E0980B46-F279-4D8A-A053-1D34109CA5A8}.Debug|x64.ActiveCfg = Debug|iPhone
		{E0980B46-F279-4D8A-A053-1D34109CA5A8}.Debug|x86.ActiveCfg = Debug|iPhone
		{E0980B46-F279-4D8A-A053-1D34109CA5A8}.Release|Any CPU.ActiveCfg = Release|iPhone
		{E0980B46-F279-4D8A-A053-1D34109CA5A8}.Release|ARM.ActiveCfg = Release|iPhone
		{E0980B46-F279-4D8A-A053-1D34109CA5A8}.Release|iPhone.ActiveCfg = Release|iPhone
		{E0980B46-F279-4D8A-A053-1D34109CA5A8}.Release|iPhone.Build.0 = Release|iPhone
		{E0980B46-F279-4D8A-A053-1D34109CA5A8}.Release|iPhoneSimulator.ActiveCfg = Release|iPhoneSimulator
		{E0980B46-F279-4D8A-A053-1D34109CA5A8}.Release|iPhoneSimulator.Build.0 = Release|iPhoneSimulator
		{E0980B46-F279-4D8A-A053-1D34109CA5A8}.Release|x64.ActiveCfg = Release|iPhone
		{E0980B46-F279-4D8A-A053-1D34109CA5A8}.Release|x86.ActiveCfg = Release|iPhone
		{519C07E3-25B3-4345-BE02-CDD7D002091E}.Ad-Hoc|Any CPU.ActiveCfg = Release|Any CPU
		{519C07E3-25B3-4345-BE02-CDD7D002091E}.Ad-Hoc|Any CPU.Build.0 = Release|Any CPU
		{519C07E3-25B3-4345-BE02-CDD7D002091E}.Ad-Hoc|Any CPU.Deploy.0 = Release|Any CPU
		{519C07E3-25B3-4345-BE02-CDD7D002091E}.Ad-Hoc|ARM.ActiveCfg = Release|ARM
		{519C07E3-25B3-4345-BE02-CDD7D002091E}.Ad-Hoc|ARM.Build.0 = Release|ARM
		{519C07E3-25B3-4345-BE02-CDD7D002091E}.Ad-Hoc|ARM.Deploy.0 = Release|ARM
		{519C07E3-25B3-4345-BE02-CDD7D002091E}.Ad-Hoc|iPhone.ActiveCfg = Release|Any CPU
		{519C07E3-25B3-4345-BE02-CDD7D002091E}.Ad-Hoc|iPhone.Build.0 = Release|Any CPU
		{519C07E3-25B3-4345-BE02-CDD7D002091E}.Ad-Hoc|iPhone.Deploy.0 = Release|Any CPU
		{519C07E3-25B3-4345-BE02-CDD7D002091E}.Ad-Hoc|iPhoneSimulator.ActiveCfg = Release|Any CPU
		{519C07E3-25B3-4345-BE02-CDD7D002091E}.Ad-Hoc|iPhoneSimulator.Build.0 = Release|Any CPU
		{519C07E3-25B3-4345-BE02-CDD7D002091E}.Ad-Hoc|iPhoneSimulator.Deploy.0 = Release|Any CPU
		{519C07E3-25B3-4345-BE02-CDD7D002091E}.Ad-Hoc|x64.ActiveCfg = Release|Any CPU
		{519C07E3-25B3-4345-BE02-CDD7D002091E}.Ad-Hoc|x64.Build.0 = Release|Any CPU
		{519C07E3-25B3-4345-BE02-CDD7D002091E}.Ad-Hoc|x64.Deploy.0 = Release|Any CPU
		{519C07E3-25B3-4345-BE02-CDD7D002091E}.Ad-Hoc|x86.ActiveCfg = Release|x86
		{519C07E3-25B3-4345-BE02-CDD7D002091E}.Ad-Hoc|x86.Build.0 = Release|x86
		{519C07E3-25B3-4345-BE02-CDD7D002091E}.Ad-Hoc|x86.Deploy.0 = Release|x86
		{519C07E3-25B3-4345-BE02-CDD7D002091E}.AppStore|Any CPU.ActiveCfg = Release|Any CPU
		{519C07E3-25B3-4345-BE02-CDD7D002091E}.AppStore|Any CPU.Build.0 = Release|Any CPU
		{519C07E3-25B3-4345-BE02-CDD7D002091E}.AppStore|Any CPU.Deploy.0 = Release|Any CPU
		{519C07E3-25B3-4345-BE02-CDD7D002091E}.AppStore|ARM.ActiveCfg = Release|ARM
		{519C07E3-25B3-4345-BE02-CDD7D002091E}.AppStore|ARM.Build.0 = Release|ARM
		{519C07E3-25B3-4345-BE02-CDD7D002091E}.AppStore|ARM.Deploy.0 = Release|ARM
		{519C07E3-25B3-4345-BE02-CDD7D002091E}.AppStore|iPhone.ActiveCfg = Release|Any CPU
		{519C07E3-25B3-4345-BE02-CDD7D002091E}.AppStore|iPhone.Build.0 = Release|Any CPU
		{519C07E3-25B3-4345-BE02-CDD7D002091E}.AppStore|iPhone.Deploy.0 = Release|Any CPU
		{519C07E3-25B3-4345-BE02-CDD7D002091E}.AppStore|iPhoneSimulator.ActiveCfg = Release|Any CPU
		{519C07E3-25B3-4345-BE02-CDD7D002091E}.AppStore|iPhoneSimulator.Build.0 = Release|Any CPU
		{519C07E3-25B3-4345-BE02-CDD7D002091E}.AppStore|iPhoneSimulator.Deploy.0 = Release|Any CPU
		{519C07E3-25B3-4345-BE02-CDD7D002091E}.AppStore|x64.ActiveCfg = Release|Any CPU
		{519C07E3-25B3-4345-BE02-CDD7D002091E}.AppStore|x64.Build.0 = Release|Any CPU
		{519C07E3-25B3-4345-BE02-CDD7D002091E}.AppStore|x64.Deploy.0 = Release|Any CPU
		{519C07E3-25B3-4345-BE02-CDD7D002091E}.AppStore|x86.ActiveCfg = Release|x86
		{519C07E3-25B3-4345-BE02-CDD7D002091E}.AppStore|x86.Build.0 = Release|x86
		{519C07E3-25B3-4345-BE02-CDD7D002091E}.AppStore|x86.Deploy.0 = Release|x86
		{519C07E3-25B3-4345-BE02-CDD7D002091E}.Debug|Any CPU.ActiveCfg = Debug|Any CPU
		{519C07E3-25B3-4345-BE02-CDD7D002091E}.Debug|Any CPU.Build.0 = Debug|Any CPU
		{519C07E3-25B3-4345-BE02-CDD7D002091E}.Debug|Any CPU.Deploy.0 = Debug|Any CPU
		{519C07E3-25B3-4345-BE02-CDD7D002091E}.Debug|ARM.ActiveCfg = Debug|ARM
		{519C07E3-25B3-4345-BE02-CDD7D002091E}.Debug|ARM.Build.0 = Debug|ARM
		{519C07E3-25B3-4345-BE02-CDD7D002091E}.Debug|ARM.Deploy.0 = Debug|ARM
		{519C07E3-25B3-4345-BE02-CDD7D002091E}.Debug|iPhone.ActiveCfg = Debug|Any CPU
		{519C07E3-25B3-4345-BE02-CDD7D002091E}.Debug|iPhone.Build.0 = Debug|Any CPU
		{519C07E3-25B3-4345-BE02-CDD7D002091E}.Debug|iPhone.Deploy.0 = Debug|Any CPU
		{519C07E3-25B3-4345-BE02-CDD7D002091E}.Debug|iPhoneSimulator.ActiveCfg = Debug|Any CPU
		{519C07E3-25B3-4345-BE02-CDD7D002091E}.Debug|iPhoneSimulator.Build.0 = Debug|Any CPU
		{519C07E3-25B3-4345-BE02-CDD7D002091E}.Debug|iPhoneSimulator.Deploy.0 = Debug|Any CPU
		{519C07E3-25B3-4345-BE02-CDD7D002091E}.Debug|x64.ActiveCfg = Debug|Any CPU
		{519C07E3-25B3-4345-BE02-CDD7D002091E}.Debug|x64.Build.0 = Debug|Any CPU
		{519C07E3-25B3-4345-BE02-CDD7D002091E}.Debug|x64.Deploy.0 = Debug|Any CPU
		{519C07E3-25B3-4345-BE02-CDD7D002091E}.Debug|x86.ActiveCfg = Debug|x86
		{519C07E3-25B3-4345-BE02-CDD7D002091E}.Debug|x86.Build.0 = Debug|x86
		{519C07E3-25B3-4345-BE02-CDD7D002091E}.Debug|x86.Deploy.0 = Debug|x86
		{519C07E3-25B3-4345-BE02-CDD7D002091E}.Release|Any CPU.ActiveCfg = Release|Any CPU
		{519C07E3-25B3-4345-BE02-CDD7D002091E}.Release|Any CPU.Build.0 = Release|Any CPU
		{519C07E3-25B3-4345-BE02-CDD7D002091E}.Release|Any CPU.Deploy.0 = Release|Any CPU
		{519C07E3-25B3-4345-BE02-CDD7D002091E}.Release|ARM.ActiveCfg = Release|ARM
		{519C07E3-25B3-4345-BE02-CDD7D002091E}.Release|ARM.Build.0 = Release|ARM
		{519C07E3-25B3-4345-BE02-CDD7D002091E}.Release|ARM.Deploy.0 = Release|ARM
		{519C07E3-25B3-4345-BE02-CDD7D002091E}.Release|iPhone.ActiveCfg = Release|Any CPU
		{519C07E3-25B3-4345-BE02-CDD7D002091E}.Release|iPhone.Build.0 = Release|Any CPU
		{519C07E3-25B3-4345-BE02-CDD7D002091E}.Release|iPhone.Deploy.0 = Release|Any CPU
		{519C07E3-25B3-4345-BE02-CDD7D002091E}.Release|iPhoneSimulator.ActiveCfg = Release|Any CPU
		{519C07E3-25B3-4345-BE02-CDD7D002091E}.Release|iPhoneSimulator.Build.0 = Release|Any CPU
		{519C07E3-25B3-4345-BE02-CDD7D002091E}.Release|iPhoneSimulator.Deploy.0 = Release|Any CPU
		{519C07E3-25B3-4345-BE02-CDD7D002091E}.Release|x64.ActiveCfg = Release|Any CPU
		{519C07E3-25B3-4345-BE02-CDD7D002091E}.Release|x64.Build.0 = Release|Any CPU
		{519C07E3-25B3-4345-BE02-CDD7D002091E}.Release|x64.Deploy.0 = Release|Any CPU
		{519C07E3-25B3-4345-BE02-CDD7D002091E}.Release|x86.ActiveCfg = Release|x86
		{519C07E3-25B3-4345-BE02-CDD7D002091E}.Release|x86.Build.0 = Release|x86
		{519C07E3-25B3-4345-BE02-CDD7D002091E}.Release|x86.Deploy.0 = Release|x86
		{FD9F4C54-BF20-4665-9F11-96E1B55982D0}.Ad-Hoc|Any CPU.ActiveCfg = Release|x86
		{FD9F4C54-BF20-4665-9F11-96E1B55982D0}.Ad-Hoc|Any CPU.Build.0 = Release|x86
		{FD9F4C54-BF20-4665-9F11-96E1B55982D0}.Ad-Hoc|Any CPU.Deploy.0 = Release|x86
		{FD9F4C54-BF20-4665-9F11-96E1B55982D0}.Ad-Hoc|ARM.ActiveCfg = Release|ARM
		{FD9F4C54-BF20-4665-9F11-96E1B55982D0}.Ad-Hoc|ARM.Build.0 = Release|ARM
		{FD9F4C54-BF20-4665-9F11-96E1B55982D0}.Ad-Hoc|ARM.Deploy.0 = Release|ARM
		{FD9F4C54-BF20-4665-9F11-96E1B55982D0}.Ad-Hoc|iPhone.ActiveCfg = Release|x86
		{FD9F4C54-BF20-4665-9F11-96E1B55982D0}.Ad-Hoc|iPhone.Build.0 = Release|x86
		{FD9F4C54-BF20-4665-9F11-96E1B55982D0}.Ad-Hoc|iPhone.Deploy.0 = Release|x86
		{FD9F4C54-BF20-4665-9F11-96E1B55982D0}.Ad-Hoc|iPhoneSimulator.ActiveCfg = Release|x86
		{FD9F4C54-BF20-4665-9F11-96E1B55982D0}.Ad-Hoc|iPhoneSimulator.Build.0 = Release|x86
		{FD9F4C54-BF20-4665-9F11-96E1B55982D0}.Ad-Hoc|iPhoneSimulator.Deploy.0 = Release|x86
		{FD9F4C54-BF20-4665-9F11-96E1B55982D0}.Ad-Hoc|x64.ActiveCfg = Release|x64
		{FD9F4C54-BF20-4665-9F11-96E1B55982D0}.Ad-Hoc|x64.Build.0 = Release|x64
		{FD9F4C54-BF20-4665-9F11-96E1B55982D0}.Ad-Hoc|x64.Deploy.0 = Release|x64
		{FD9F4C54-BF20-4665-9F11-96E1B55982D0}.Ad-Hoc|x86.ActiveCfg = Release|x86
		{FD9F4C54-BF20-4665-9F11-96E1B55982D0}.Ad-Hoc|x86.Build.0 = Release|x86
		{FD9F4C54-BF20-4665-9F11-96E1B55982D0}.Ad-Hoc|x86.Deploy.0 = Release|x86
		{FD9F4C54-BF20-4665-9F11-96E1B55982D0}.AppStore|Any CPU.ActiveCfg = Release|x86
		{FD9F4C54-BF20-4665-9F11-96E1B55982D0}.AppStore|Any CPU.Build.0 = Release|x86
		{FD9F4C54-BF20-4665-9F11-96E1B55982D0}.AppStore|Any CPU.Deploy.0 = Release|x86
		{FD9F4C54-BF20-4665-9F11-96E1B55982D0}.AppStore|ARM.ActiveCfg = Release|ARM
		{FD9F4C54-BF20-4665-9F11-96E1B55982D0}.AppStore|ARM.Build.0 = Release|ARM
		{FD9F4C54-BF20-4665-9F11-96E1B55982D0}.AppStore|ARM.Deploy.0 = Release|ARM
		{FD9F4C54-BF20-4665-9F11-96E1B55982D0}.AppStore|iPhone.ActiveCfg = Release|x86
		{FD9F4C54-BF20-4665-9F11-96E1B55982D0}.AppStore|iPhone.Build.0 = Release|x86
		{FD9F4C54-BF20-4665-9F11-96E1B55982D0}.AppStore|iPhone.Deploy.0 = Release|x86
		{FD9F4C54-BF20-4665-9F11-96E1B55982D0}.AppStore|iPhoneSimulator.ActiveCfg = Release|x86
		{FD9F4C54-BF20-4665-9F11-96E1B55982D0}.AppStore|iPhoneSimulator.Build.0 = Release|x86
		{FD9F4C54-BF20-4665-9F11-96E1B55982D0}.AppStore|iPhoneSimulator.Deploy.0 = Release|x86
		{FD9F4C54-BF20-4665-9F11-96E1B55982D0}.AppStore|x64.ActiveCfg = Release|x64
		{FD9F4C54-BF20-4665-9F11-96E1B55982D0}.AppStore|x64.Build.0 = Release|x64
		{FD9F4C54-BF20-4665-9F11-96E1B55982D0}.AppStore|x64.Deploy.0 = Release|x64
		{FD9F4C54-BF20-4665-9F11-96E1B55982D0}.AppStore|x86.ActiveCfg = Release|x86
		{FD9F4C54-BF20-4665-9F11-96E1B55982D0}.AppStore|x86.Build.0 = Release|x86
		{FD9F4C54-BF20-4665-9F11-96E1B55982D0}.AppStore|x86.Deploy.0 = Release|x86
		{FD9F4C54-BF20-4665-9F11-96E1B55982D0}.Debug|Any CPU.ActiveCfg = Debug|ARM
		{FD9F4C54-BF20-4665-9F11-96E1B55982D0}.Debug|ARM.ActiveCfg = Debug|ARM
		{FD9F4C54-BF20-4665-9F11-96E1B55982D0}.Debug|ARM.Build.0 = Debug|ARM
		{FD9F4C54-BF20-4665-9F11-96E1B55982D0}.Debug|ARM.Deploy.0 = Debug|ARM
		{FD9F4C54-BF20-4665-9F11-96E1B55982D0}.Debug|iPhone.ActiveCfg = Debug|x86
		{FD9F4C54-BF20-4665-9F11-96E1B55982D0}.Debug|iPhoneSimulator.ActiveCfg = Debug|x86
		{FD9F4C54-BF20-4665-9F11-96E1B55982D0}.Debug|x64.ActiveCfg = Debug|x64
		{FD9F4C54-BF20-4665-9F11-96E1B55982D0}.Debug|x64.Build.0 = Debug|x64
		{FD9F4C54-BF20-4665-9F11-96E1B55982D0}.Debug|x64.Deploy.0 = Debug|x64
		{FD9F4C54-BF20-4665-9F11-96E1B55982D0}.Debug|x86.ActiveCfg = Debug|x86
		{FD9F4C54-BF20-4665-9F11-96E1B55982D0}.Debug|x86.Build.0 = Debug|x86
		{FD9F4C54-BF20-4665-9F11-96E1B55982D0}.Debug|x86.Deploy.0 = Debug|x86
		{FD9F4C54-BF20-4665-9F11-96E1B55982D0}.Release|Any CPU.ActiveCfg = Release|x86
		{FD9F4C54-BF20-4665-9F11-96E1B55982D0}.Release|ARM.ActiveCfg = Release|ARM
		{FD9F4C54-BF20-4665-9F11-96E1B55982D0}.Release|ARM.Build.0 = Release|ARM
		{FD9F4C54-BF20-4665-9F11-96E1B55982D0}.Release|ARM.Deploy.0 = Release|ARM
		{FD9F4C54-BF20-4665-9F11-96E1B55982D0}.Release|iPhone.ActiveCfg = Release|x86
		{FD9F4C54-BF20-4665-9F11-96E1B55982D0}.Release|iPhoneSimulator.ActiveCfg = Release|x86
		{FD9F4C54-BF20-4665-9F11-96E1B55982D0}.Release|x64.ActiveCfg = Release|x64
		{FD9F4C54-BF20-4665-9F11-96E1B55982D0}.Release|x64.Build.0 = Release|x64
		{FD9F4C54-BF20-4665-9F11-96E1B55982D0}.Release|x64.Deploy.0 = Release|x64
		{FD9F4C54-BF20-4665-9F11-96E1B55982D0}.Release|x86.ActiveCfg = Release|x86
		{FD9F4C54-BF20-4665-9F11-96E1B55982D0}.Release|x86.Build.0 = Release|x86
		{FD9F4C54-BF20-4665-9F11-96E1B55982D0}.Release|x86.Deploy.0 = Release|x86
		{319F9B14-F250-4E9F-B13C-9AD51B036AF7}.Ad-Hoc|Any CPU.ActiveCfg = Release|Any CPU
		{319F9B14-F250-4E9F-B13C-9AD51B036AF7}.Ad-Hoc|Any CPU.Build.0 = Release|Any CPU
		{319F9B14-F250-4E9F-B13C-9AD51B036AF7}.Ad-Hoc|Any CPU.Deploy.0 = Release|Any CPU
		{319F9B14-F250-4E9F-B13C-9AD51B036AF7}.Ad-Hoc|ARM.ActiveCfg = Release|ARM
		{319F9B14-F250-4E9F-B13C-9AD51B036AF7}.Ad-Hoc|ARM.Build.0 = Release|ARM
		{319F9B14-F250-4E9F-B13C-9AD51B036AF7}.Ad-Hoc|ARM.Deploy.0 = Release|ARM
		{319F9B14-F250-4E9F-B13C-9AD51B036AF7}.Ad-Hoc|iPhone.ActiveCfg = Release|Any CPU
		{319F9B14-F250-4E9F-B13C-9AD51B036AF7}.Ad-Hoc|iPhone.Build.0 = Release|Any CPU
		{319F9B14-F250-4E9F-B13C-9AD51B036AF7}.Ad-Hoc|iPhone.Deploy.0 = Release|Any CPU
		{319F9B14-F250-4E9F-B13C-9AD51B036AF7}.Ad-Hoc|iPhoneSimulator.ActiveCfg = Release|Any CPU
		{319F9B14-F250-4E9F-B13C-9AD51B036AF7}.Ad-Hoc|iPhoneSimulator.Build.0 = Release|Any CPU
		{319F9B14-F250-4E9F-B13C-9AD51B036AF7}.Ad-Hoc|iPhoneSimulator.Deploy.0 = Release|Any CPU
		{319F9B14-F250-4E9F-B13C-9AD51B036AF7}.Ad-Hoc|x64.ActiveCfg = Release|x64
		{319F9B14-F250-4E9F-B13C-9AD51B036AF7}.Ad-Hoc|x64.Build.0 = Release|x64
		{319F9B14-F250-4E9F-B13C-9AD51B036AF7}.Ad-Hoc|x64.Deploy.0 = Release|x64
		{319F9B14-F250-4E9F-B13C-9AD51B036AF7}.Ad-Hoc|x86.ActiveCfg = Release|x86
		{319F9B14-F250-4E9F-B13C-9AD51B036AF7}.Ad-Hoc|x86.Build.0 = Release|x86
		{319F9B14-F250-4E9F-B13C-9AD51B036AF7}.Ad-Hoc|x86.Deploy.0 = Release|x86
		{319F9B14-F250-4E9F-B13C-9AD51B036AF7}.AppStore|Any CPU.ActiveCfg = Release|Any CPU
		{319F9B14-F250-4E9F-B13C-9AD51B036AF7}.AppStore|Any CPU.Build.0 = Release|Any CPU
		{319F9B14-F250-4E9F-B13C-9AD51B036AF7}.AppStore|Any CPU.Deploy.0 = Release|Any CPU
		{319F9B14-F250-4E9F-B13C-9AD51B036AF7}.AppStore|ARM.ActiveCfg = Release|ARM
		{319F9B14-F250-4E9F-B13C-9AD51B036AF7}.AppStore|ARM.Build.0 = Release|ARM
		{319F9B14-F250-4E9F-B13C-9AD51B036AF7}.AppStore|ARM.Deploy.0 = Release|ARM
		{319F9B14-F250-4E9F-B13C-9AD51B036AF7}.AppStore|iPhone.ActiveCfg = Release|Any CPU
		{319F9B14-F250-4E9F-B13C-9AD51B036AF7}.AppStore|iPhone.Build.0 = Release|Any CPU
		{319F9B14-F250-4E9F-B13C-9AD51B036AF7}.AppStore|iPhone.Deploy.0 = Release|Any CPU
		{319F9B14-F250-4E9F-B13C-9AD51B036AF7}.AppStore|iPhoneSimulator.ActiveCfg = Release|Any CPU
		{319F9B14-F250-4E9F-B13C-9AD51B036AF7}.AppStore|iPhoneSimulator.Build.0 = Release|Any CPU
		{319F9B14-F250-4E9F-B13C-9AD51B036AF7}.AppStore|iPhoneSimulator.Deploy.0 = Release|Any CPU
		{319F9B14-F250-4E9F-B13C-9AD51B036AF7}.AppStore|x64.ActiveCfg = Release|x64
		{319F9B14-F250-4E9F-B13C-9AD51B036AF7}.AppStore|x64.Build.0 = Release|x64
		{319F9B14-F250-4E9F-B13C-9AD51B036AF7}.AppStore|x64.Deploy.0 = Release|x64
		{319F9B14-F250-4E9F-B13C-9AD51B036AF7}.AppStore|x86.ActiveCfg = Release|x86
		{319F9B14-F250-4E9F-B13C-9AD51B036AF7}.AppStore|x86.Build.0 = Release|x86
		{319F9B14-F250-4E9F-B13C-9AD51B036AF7}.AppStore|x86.Deploy.0 = Release|x86
		{319F9B14-F250-4E9F-B13C-9AD51B036AF7}.Debug|Any CPU.ActiveCfg = Debug|Any CPU
		{319F9B14-F250-4E9F-B13C-9AD51B036AF7}.Debug|Any CPU.Build.0 = Debug|Any CPU
		{319F9B14-F250-4E9F-B13C-9AD51B036AF7}.Debug|Any CPU.Deploy.0 = Debug|Any CPU
		{319F9B14-F250-4E9F-B13C-9AD51B036AF7}.Debug|ARM.ActiveCfg = Debug|ARM
		{319F9B14-F250-4E9F-B13C-9AD51B036AF7}.Debug|ARM.Build.0 = Debug|ARM
		{319F9B14-F250-4E9F-B13C-9AD51B036AF7}.Debug|ARM.Deploy.0 = Debug|ARM
		{319F9B14-F250-4E9F-B13C-9AD51B036AF7}.Debug|iPhone.ActiveCfg = Debug|Any CPU
		{319F9B14-F250-4E9F-B13C-9AD51B036AF7}.Debug|iPhone.Build.0 = Debug|Any CPU
		{319F9B14-F250-4E9F-B13C-9AD51B036AF7}.Debug|iPhone.Deploy.0 = Debug|Any CPU
		{319F9B14-F250-4E9F-B13C-9AD51B036AF7}.Debug|iPhoneSimulator.ActiveCfg = Debug|Any CPU
		{319F9B14-F250-4E9F-B13C-9AD51B036AF7}.Debug|iPhoneSimulator.Build.0 = Debug|Any CPU
		{319F9B14-F250-4E9F-B13C-9AD51B036AF7}.Debug|iPhoneSimulator.Deploy.0 = Debug|Any CPU
		{319F9B14-F250-4E9F-B13C-9AD51B036AF7}.Debug|x64.ActiveCfg = Debug|x64
		{319F9B14-F250-4E9F-B13C-9AD51B036AF7}.Debug|x64.Build.0 = Debug|x64
		{319F9B14-F250-4E9F-B13C-9AD51B036AF7}.Debug|x64.Deploy.0 = Debug|x64
		{319F9B14-F250-4E9F-B13C-9AD51B036AF7}.Debug|x86.ActiveCfg = Debug|x86
		{319F9B14-F250-4E9F-B13C-9AD51B036AF7}.Debug|x86.Build.0 = Debug|x86
		{319F9B14-F250-4E9F-B13C-9AD51B036AF7}.Debug|x86.Deploy.0 = Debug|x86
		{319F9B14-F250-4E9F-B13C-9AD51B036AF7}.Release|Any CPU.ActiveCfg = Release|Any CPU
		{319F9B14-F250-4E9F-B13C-9AD51B036AF7}.Release|Any CPU.Build.0 = Release|Any CPU
		{319F9B14-F250-4E9F-B13C-9AD51B036AF7}.Release|Any CPU.Deploy.0 = Release|Any CPU
		{319F9B14-F250-4E9F-B13C-9AD51B036AF7}.Release|ARM.ActiveCfg = Release|ARM
		{319F9B14-F250-4E9F-B13C-9AD51B036AF7}.Release|ARM.Build.0 = Release|ARM
		{319F9B14-F250-4E9F-B13C-9AD51B036AF7}.Release|ARM.Deploy.0 = Release|ARM
		{319F9B14-F250-4E9F-B13C-9AD51B036AF7}.Release|iPhone.ActiveCfg = Release|Any CPU
		{319F9B14-F250-4E9F-B13C-9AD51B036AF7}.Release|iPhone.Build.0 = Release|Any CPU
		{319F9B14-F250-4E9F-B13C-9AD51B036AF7}.Release|iPhone.Deploy.0 = Release|Any CPU
		{319F9B14-F250-4E9F-B13C-9AD51B036AF7}.Release|iPhoneSimulator.ActiveCfg = Release|Any CPU
		{319F9B14-F250-4E9F-B13C-9AD51B036AF7}.Release|iPhoneSimulator.Build.0 = Release|Any CPU
		{319F9B14-F250-4E9F-B13C-9AD51B036AF7}.Release|iPhoneSimulator.Deploy.0 = Release|Any CPU
		{319F9B14-F250-4E9F-B13C-9AD51B036AF7}.Release|x64.ActiveCfg = Release|x64
		{319F9B14-F250-4E9F-B13C-9AD51B036AF7}.Release|x64.Build.0 = Release|x64
		{319F9B14-F250-4E9F-B13C-9AD51B036AF7}.Release|x64.Deploy.0 = Release|x64
		{319F9B14-F250-4E9F-B13C-9AD51B036AF7}.Release|x86.ActiveCfg = Release|x86
		{319F9B14-F250-4E9F-B13C-9AD51B036AF7}.Release|x86.Build.0 = Release|x86
		{319F9B14-F250-4E9F-B13C-9AD51B036AF7}.Release|x86.Deploy.0 = Release|x86
	EndGlobalSection
	GlobalSection(SolutionProperties) = preSolution
		HideSolutionNode = FALSE
	EndGlobalSection
EndGlobal
